
Microsoft Visual Studio Solution File, Format Version 12.00
# Visual Studio Version 17
VisualStudioVersion = 17.5.33627.172
MinimumVisualStudioVersion = 10.0.40219.1
Project("{9A19103F-16F7-4668-BE54-9A1E7A4F7556}") = "ucak_rezervasyon", "WinFormsApp3\ucak_rezervasyon.csproj", "{71B8384F-5D70-457A-A29F-C58C57AEFE85}"
EndProject
Global
	GlobalSection(SolutionConfigurationPlatforms) = preSolution
		Debug|Any CPU = Debug|Any CPU
		Release|Any CPU = Release|Any CPU
	EndGlobalSection
	GlobalSection(ProjectConfigurationPlatforms) = postSolution
		{71B8384F-5D70-457A-A29F-C58C57AEFE85}.Debug|Any CPU.ActiveCfg = Debug|Any CPU
		{71B8384F-5D70-457A-A29F-C58C57AEFE85}.Debug|Any CPU.Build.0 = Debug|Any CPU
		{71B8384F-5D70-457A-A29F-C58C57AEFE85}.Release|Any CPU.ActiveCfg = Release|Any CPU
		{71B8384F-5D70-457A-A29F-C58C57AEFE85}.Release|Any CPU.Build.0 = Release|Any CPU
	EndGlobalSection
	GlobalSection(SolutionProperties) = preSolution
		HideSolutionNode = FALSE
	EndGlobalSection
	GlobalSection(ExtensibilityGlobals) = postSolution
		SolutionGuid = {493473FE-B227-4CE0-AAB1-75753CA9DD26}
	EndGlobalSection
EndGlobal
